
Microsoft Visual Studio Solution File, Format Version 12.00
# Visual Studio Version 17
VisualStudioVersion = 17.4.33205.214
MinimumVisualStudioVersion = 10.0.40219.1
Project("{9A19103F-16F7-4668-BE54-9A1E7A4F7556}") = "RavMosheShapiro.web", "RavMosheShapiro.web\RavMosheShapiro.web.csproj", "{7E09035A-4D0E-4086-80BB-1A2337F103D8}"
EndProject
Project("{9A19103F-16F7-4668-BE54-9A1E7A4F7556}") = "RavMosheShapiro.data", "RavMosheShapiro.data\RavMosheShapiro.data.csproj", "{C9458380-C287-4E0B-A065-57A29B65A95F}"
EndProject
Global
	GlobalSection(SolutionConfigurationPlatforms) = preSolution
		Debug|Any CPU = Debug|Any CPU
		Release|Any CPU = Release|Any CPU
	EndGlobalSection
	GlobalSection(ProjectConfigurationPlatforms) = postSolution
		{7E09035A-4D0E-4086-80BB-1A2337F103D8}.Debug|Any CPU.ActiveCfg = Debug|Any CPU
		{7E09035A-4D0E-4086-80BB-1A2337F103D8}.Debug|Any CPU.Build.0 = Debug|Any CPU
		{7E09035A-4D0E-4086-80BB-1A2337F103D8}.Release|Any CPU.ActiveCfg = Release|Any CPU
		{7E09035A-4D0E-4086-80BB-1A2337F103D8}.Release|Any CPU.Build.0 = Release|Any CPU
		{C9458380-C287-4E0B-A065-57A29B65A95F}.Debug|Any CPU.ActiveCfg = Debug|Any CPU
		{C9458380-C287-4E0B-A065-57A29B65A95F}.Debug|Any CPU.Build.0 = Debug|Any CPU
		{C9458380-C287-4E0B-A065-57A29B65A95F}.Release|Any CPU.ActiveCfg = Release|Any CPU
		{C9458380-C287-4E0B-A065-57A29B65A95F}.Release|Any CPU.Build.0 = Release|Any CPU
	EndGlobalSection
	GlobalSection(SolutionProperties) = preSolution
		HideSolutionNode = FALSE
	EndGlobalSection
	GlobalSection(ExtensibilityGlobals) = postSolution
		SolutionGuid = {F19CF7E1-F726-4162-AFAC-BFE98B8178C7}
	EndGlobalSection
EndGlobal
